
Microsoft Visual Studio Solution File, Format Version 12.00
# Visual Studio Version 17
VisualStudioVersion = 17.4.33110.190
MinimumVisualStudioVersion = 10.0.40219.1
Project("{FAE04EC0-301F-11D3-BF4B-00C04F79EFBC}") = "CustomOnChipDebuggerBE", "..\CustomOnChipDebuggerBE\CustomOnChipDebuggerBE.csproj", "{6C0F192B-D1B7-4E19-A73D-0F1B8664ADC7}"
EndProject
Project("{FAE04EC0-301F-11D3-BF4B-00C04F79EFBC}") = "CustomOnChipDebuggerFE", "..\CustomOnChipDebuggerFE\CustomOnChipDebuggerFE.csproj", "{788F49B6-4E49-4166-BAC1-EBB92EB66DC5}"
EndProject
Project("{FAE04EC0-301F-11D3-BF4B-00C04F79EFBC}") = "CustomOnChipDebuggerCore", "..\CustomOnChipDebuggerCore\CustomOnChipDebuggerCore.csproj", "{F57FBF2A-D5D9-49BE-95E9-ACD0AD1D36D6}"
EndProject
Project("{FAE04EC0-301F-11D3-BF4B-00C04F79EFBC}") = "CustomOnChipDebuggerConsoleApp", "CustomOnChipDebuggerConsoleApp\CustomOnChipDebuggerConsoleApp.csproj", "{37E65E0B-290A-44E9-A429-62B83E14A224}"
EndProject
Project("{FAE04EC0-301F-11D3-BF4B-00C04F79EFBC}") = "CustomOnChipDebuggerUI", "CustomOnChipDebuggerUI\CustomOnChipDebuggerUI.csproj", "{DF2F55A2-05B1-4C95-9ACF-45E7C80E7422}"
EndProject
Project("{8BC9CEB8-8B4A-11D0-8D11-00A0C91BC942}") = "CustomOnChipDebuggerTransport", "CustomOnChipDebuggerTransport\CustomOnChipDebuggerTransport.vcxproj", "{629DA974-8478-4F92-86C7-EDFAB6944738}"
EndProject
Project("{FAE04EC0-301F-11D3-BF4B-00C04F79EFBC}") = "CustomOnChipDebuggerApplication", "CustomOnChipDebuggerApplication\CustomOnChipDebuggerApplication.csproj", "{20897B68-027D-49CB-82CB-27A959783263}"
EndProject
Global
	GlobalSection(SolutionConfigurationPlatforms) = preSolution
		Debug|Any CPU = Debug|Any CPU
		Debug|x64 = Debug|x64
		Debug|x86 = Debug|x86
		Release|Any CPU = Release|Any CPU
		Release|x64 = Release|x64
		Release|x86 = Release|x86
	EndGlobalSection
	GlobalSection(ProjectConfigurationPlatforms) = postSolution
		{6C0F192B-D1B7-4E19-A73D-0F1B8664ADC7}.Debug|Any CPU.ActiveCfg = Debug|Any CPU
		{6C0F192B-D1B7-4E19-A73D-0F1B8664ADC7}.Debug|Any CPU.Build.0 = Debug|Any CPU
		{6C0F192B-D1B7-4E19-A73D-0F1B8664ADC7}.Debug|x64.ActiveCfg = Debug|Any CPU
		{6C0F192B-D1B7-4E19-A73D-0F1B8664ADC7}.Debug|x64.Build.0 = Debug|Any CPU
		{6C0F192B-D1B7-4E19-A73D-0F1B8664ADC7}.Debug|x86.ActiveCfg = Debug|Any CPU
		{6C0F192B-D1B7-4E19-A73D-0F1B8664ADC7}.Debug|x86.Build.0 = Debug|Any CPU
		{6C0F192B-D1B7-4E19-A73D-0F1B8664ADC7}.Release|Any CPU.ActiveCfg = Release|Any CPU
		{6C0F192B-D1B7-4E19-A73D-0F1B8664ADC7}.Release|Any CPU.Build.0 = Release|Any CPU
		{6C0F192B-D1B7-4E19-A73D-0F1B8664ADC7}.Release|x64.ActiveCfg = Release|Any CPU
		{6C0F192B-D1B7-4E19-A73D-0F1B8664ADC7}.Release|x64.Build.0 = Release|Any CPU
		{6C0F192B-D1B7-4E19-A73D-0F1B8664ADC7}.Release|x86.ActiveCfg = Release|Any CPU
		{6C0F192B-D1B7-4E19-A73D-0F1B8664ADC7}.Release|x86.Build.0 = Release|Any CPU
		{788F49B6-4E49-4166-BAC1-EBB92EB66DC5}.Debug|Any CPU.ActiveCfg = Debug|Any CPU
		{788F49B6-4E49-4166-BAC1-EBB92EB66DC5}.Debug|Any CPU.Build.0 = Debug|Any CPU
		{788F49B6-4E49-4166-BAC1-EBB92EB66DC5}.Debug|x64.ActiveCfg = Debug|Any CPU
		{788F49B6-4E49-4166-BAC1-EBB92EB66DC5}.Debug|x64.Build.0 = Debug|Any CPU
		{788F49B6-4E49-4166-BAC1-EBB92EB66DC5}.Debug|x86.ActiveCfg = Debug|Any CPU
		{788F49B6-4E49-4166-BAC1-EBB92EB66DC5}.Debug|x86.Build.0 = Debug|Any CPU
		{788F49B6-4E49-4166-BAC1-EBB92EB66DC5}.Release|Any CPU.ActiveCfg = Release|Any CPU
		{788F49B6-4E49-4166-BAC1-EBB92EB66DC5}.Release|Any CPU.Build.0 = Release|Any CPU
		{788F49B6-4E49-4166-BAC1-EBB92EB66DC5}.Release|x64.ActiveCfg = Release|Any CPU
		{788F49B6-4E49-4166-BAC1-EBB92EB66DC5}.Release|x64.Build.0 = Release|Any CPU
		{788F49B6-4E49-4166-BAC1-EBB92EB66DC5}.Release|x86.ActiveCfg = Release|Any CPU
		{788F49B6-4E49-4166-BAC1-EBB92EB66DC5}.Release|x86.Build.0 = Release|Any CPU
		{F57FBF2A-D5D9-49BE-95E9-ACD0AD1D36D6}.Debug|Any CPU.ActiveCfg = Debug|Any CPU
		{F57FBF2A-D5D9-49BE-95E9-ACD0AD1D36D6}.Debug|Any CPU.Build.0 = Debug|Any CPU
		{F57FBF2A-D5D9-49BE-95E9-ACD0AD1D36D6}.Debug|x64.ActiveCfg = Debug|Any CPU
		{F57FBF2A-D5D9-49BE-95E9-ACD0AD1D36D6}.Debug|x64.Build.0 = Debug|Any CPU
		{F57FBF2A-D5D9-49BE-95E9-ACD0AD1D36D6}.Debug|x86.ActiveCfg = Debug|x86
		{F57FBF2A-D5D9-49BE-95E9-ACD0AD1D36D6}.Debug|x86.Build.0 = Debug|x86
		{F57FBF2A-D5D9-49BE-95E9-ACD0AD1D36D6}.Release|Any CPU.ActiveCfg = Release|Any CPU
		{F57FBF2A-D5D9-49BE-95E9-ACD0AD1D36D6}.Release|Any CPU.Build.0 = Release|Any CPU
		{F57FBF2A-D5D9-49BE-95E9-ACD0AD1D36D6}.Release|x64.ActiveCfg = Release|Any CPU
		{F57FBF2A-D5D9-49BE-95E9-ACD0AD1D36D6}.Release|x64.Build.0 = Release|Any CPU
		{F57FBF2A-D5D9-49BE-95E9-ACD0AD1D36D6}.Release|x86.ActiveCfg = Release|x86
		{F57FBF2A-D5D9-49BE-95E9-ACD0AD1D36D6}.Release|x86.Build.0 = Release|x86
		{37E65E0B-290A-44E9-A429-62B83E14A224}.Debug|Any CPU.ActiveCfg = Debug|Any CPU
		{37E65E0B-290A-44E9-A429-62B83E14A224}.Debug|Any CPU.Build.0 = Debug|Any CPU
		{37E65E0B-290A-44E9-A429-62B83E14A224}.Debug|x64.ActiveCfg = Debug|x64
		{37E65E0B-290A-44E9-A429-62B83E14A224}.Debug|x64.Build.0 = Debug|x64
		{37E65E0B-290A-44E9-A429-62B83E14A224}.Debug|x86.ActiveCfg = Debug|Any CPU
		{37E65E0B-290A-44E9-A429-62B83E14A224}.Debug|x86.Build.0 = Debug|Any CPU
		{37E65E0B-290A-44E9-A429-62B83E14A224}.Release|Any CPU.ActiveCfg = Release|Any CPU
		{37E65E0B-290A-44E9-A429-62B83E14A224}.Release|Any CPU.Build.0 = Release|Any CPU
		{37E65E0B-290A-44E9-A429-62B83E14A224}.Release|x64.ActiveCfg = Release|x64
		{37E65E0B-290A-44E9-A429-62B83E14A224}.Release|x64.Build.0 = Release|x64
		{37E65E0B-290A-44E9-A429-62B83E14A224}.Release|x86.ActiveCfg = Release|Any CPU
		{37E65E0B-290A-44E9-A429-62B83E14A224}.Release|x86.Build.0 = Release|Any CPU
		{DF2F55A2-05B1-4C95-9ACF-45E7C80E7422}.Debug|Any CPU.ActiveCfg = Debug|Any CPU
		{DF2F55A2-05B1-4C95-9ACF-45E7C80E7422}.Debug|Any CPU.Build.0 = Debug|Any CPU
		{DF2F55A2-05B1-4C95-9ACF-45E7C80E7422}.Debug|x64.ActiveCfg = Debug|Any CPU
		{DF2F55A2-05B1-4C95-9ACF-45E7C80E7422}.Debug|x64.Build.0 = Debug|Any CPU
		{DF2F55A2-05B1-4C95-9ACF-45E7C80E7422}.Debug|x86.ActiveCfg = Debug|Any CPU
		{DF2F55A2-05B1-4C95-9ACF-45E7C80E7422}.Debug|x86.Build.0 = Debug|Any CPU
		{DF2F55A2-05B1-4C95-9ACF-45E7C80E7422}.Release|Any CPU.ActiveCfg = Release|Any CPU
		{DF2F55A2-05B1-4C95-9ACF-45E7C80E7422}.Release|Any CPU.Build.0 = Release|Any CPU
		{DF2F55A2-05B1-4C95-9ACF-45E7C80E7422}.Release|x64.ActiveCfg = Release|Any CPU
		{DF2F55A2-05B1-4C95-9ACF-45E7C80E7422}.Release|x64.Build.0 = Release|Any CPU
		{DF2F55A2-05B1-4C95-9ACF-45E7C80E7422}.Release|x86.ActiveCfg = Release|Any CPU
		{DF2F55A2-05B1-4C95-9ACF-45E7C80E7422}.Release|x86.Build.0 = Release|Any CPU
		{629DA974-8478-4F92-86C7-EDFAB6944738}.Debug|Any CPU.ActiveCfg = Debug|x64
		{629DA974-8478-4F92-86C7-EDFAB6944738}.Debug|Any CPU.Build.0 = Debug|x64
		{629DA974-8478-4F92-86C7-EDFAB6944738}.Debug|x64.ActiveCfg = Debug|x64
		{629DA974-8478-4F92-86C7-EDFAB6944738}.Debug|x64.Build.0 = Debug|x64
		{629DA974-8478-4F92-86C7-EDFAB6944738}.Debug|x86.ActiveCfg = Debug|Win32
		{629DA974-8478-4F92-86C7-EDFAB6944738}.Debug|x86.Build.0 = Debug|Win32
		{629DA974-8478-4F92-86C7-EDFAB6944738}.Release|Any CPU.ActiveCfg = Release|x64
		{629DA974-8478-4F92-86C7-EDFAB6944738}.Release|Any CPU.Build.0 = Release|x64
		{629DA974-8478-4F92-86C7-EDFAB6944738}.Release|x64.ActiveCfg = Release|x64
		{629DA974-8478-4F92-86C7-EDFAB6944738}.Release|x64.Build.0 = Release|x64
		{629DA974-8478-4F92-86C7-EDFAB6944738}.Release|x86.ActiveCfg = Release|Win32
		{629DA974-8478-4F92-86C7-EDFAB6944738}.Release|x86.Build.0 = Release|Win32
		{20897B68-027D-49CB-82CB-27A959783263}.Debug|Any CPU.ActiveCfg = Debug|Any CPU
		{20897B68-027D-49CB-82CB-27A959783263}.Debug|Any CPU.Build.0 = Debug|Any CPU
		{20897B68-027D-49CB-82CB-27A959783263}.Debug|x64.ActiveCfg = Debug|Any CPU
		{20897B68-027D-49CB-82CB-27A959783263}.Debug|x64.Build.0 = Debug|Any CPU
		{20897B68-027D-49CB-82CB-27A959783263}.Debug|x86.ActiveCfg = Debug|Any CPU
		{20897B68-027D-49CB-82CB-27A959783263}.Debug|x86.Build.0 = Debug|Any CPU
		{20897B68-027D-49CB-82CB-27A959783263}.Release|Any CPU.ActiveCfg = Release|Any CPU
		{20897B68-027D-49CB-82CB-27A959783263}.Release|Any CPU.Build.0 = Release|Any CPU
		{20897B68-027D-49CB-82CB-27A959783263}.Release|x64.ActiveCfg = Release|Any CPU
		{20897B68-027D-49CB-82CB-27A959783263}.Release|x64.Build.0 = Release|Any CPU
		{20897B68-027D-49CB-82CB-27A959783263}.Release|x86.ActiveCfg = Release|Any CPU
		{20897B68-027D-49CB-82CB-27A959783263}.Release|x86.Build.0 = Release|Any CPU
	EndGlobalSection
	GlobalSection(SolutionProperties) = preSolution
		HideSolutionNode = FALSE
	EndGlobalSection
	GlobalSection(ExtensibilityGlobals) = postSolution
		SolutionGuid = {1E66D4A4-40A4-4227-BCF4-FD8A3A7B7B05}
	EndGlobalSection
EndGlobal
